{
  "name": "assets",
  "version": "1.0.0",
  "lockfileVersion": 3,
  "requires": true,
  "packages": {
    "": {
      "name": "assets",
      "version": "1.0.0",
      "license": "ISC",
      "dependencies": {
        "modern-screenshot": "^4.6.8"
      }
    },
    "node_modules/modern-screenshot": {
      "version": "4.6.8",
      "resolved": "https://registry.npmjs.org/modern-screenshot/-/modern-screenshot-4.6.8.tgz",
      "integrity": "sha512-GJkv/yWPOJTlxj1LZDU2k474cDyOWL+LVaqTdDWQwQ5d8zIuTz1892+1cV9V0ZpK6HYZFo/+BNLBbierO9d2TA==",
      "license": "MIT"
    }
  }
}
